// !$*UTF8*$!
{
	archiveVersion = 1;
	classes = {
	};
	objectVersion = 56;
	objects = {

/* Begin PBXBuildFile section */
		A067973B2ABE374400EC64B6 /* ImageStagingTests.swift in Sources */ = {isa = PBXBuildFile; fileRef = A067973A2ABE374400EC64B6 /* ImageStagingTests.swift */; };
		A067973D2ABE3AC000EC64B6 /* ImageStagingAnalytics.swift in Sources */ = {isa = PBXBuildFile; fileRef = A067973C2ABE3AC000EC64B6 /* ImageStagingAnalytics.swift */; };
		A067973F2ABE4BDD00EC64B6 /* AssetUploadSimulator.swift in Sources */ = {isa = PBXBuildFile; fileRef = A067973E2ABE4BDD00EC64B6 /* AssetUploadSimulator.swift */; };
		A06797412ABE6B1800EC64B6 /* ImageGeneration.swift in Sources */ = {isa = PBXBuildFile; fileRef = A06797402ABE6B1800EC64B6 /* ImageGeneration.swift */; };
		A071C93C2ABBC37400CEFF7F /* CuteLittleSampleApp.swift in Sources */ = {isa = PBXBuildFile; fileRef = A071C93B2ABBC37400CEFF7F /* CuteLittleSampleApp.swift */; };
		A071C93E2ABBC37400CEFF7F /* ContentView.swift in Sources */ = {isa = PBXBuildFile; fileRef = A071C93D2ABBC37400CEFF7F /* ContentView.swift */; };
		A071C9402ABBC37600CEFF7F /* Assets.xcassets in Resources */ = {isa = PBXBuildFile; fileRef = A071C93F2ABBC37600CEFF7F /* Assets.xcassets */; };
		A071C9442ABBC37600CEFF7F /* Preview Assets.xcassets in Resources */ = {isa = PBXBuildFile; fileRef = A071C9432ABBC37600CEFF7F /* Preview Assets.xcassets */; };
		A071C94C2ABBD58100CEFF7F /* Path.swift in Sources */ = {isa = PBXBuildFile; fileRef = A071C94B2ABBD58100CEFF7F /* Path.swift */; };
		A071C9562ABBD6EB00CEFF7F /* GalleryScene.swift in Sources */ = {isa = PBXBuildFile; fileRef = A071C9552ABBD6EB00CEFF7F /* GalleryScene.swift */; };
		A071C9582ABBD6F400CEFF7F /* GalleryView.swift in Sources */ = {isa = PBXBuildFile; fileRef = A071C9572ABBD6F400CEFF7F /* GalleryView.swift */; };
		A071C95B2ABBE1F100CEFF7F /* Library in Frameworks */ = {isa = PBXBuildFile; productRef = A071C95A2ABBE1F100CEFF7F /* Library */; };
		A071C95D2ABBE25300CEFF7F /* Application.swift in Sources */ = {isa = PBXBuildFile; fileRef = A071C95C2ABBE25300CEFF7F /* Application.swift */; };
		A071C9622ABBF30900CEFF7F /* AssetDetailView.swift in Sources */ = {isa = PBXBuildFile; fileRef = A071C9612ABBF30900CEFF7F /* AssetDetailView.swift */; };
		A071C9652ABBF70A00CEFF7F /* ImageStagingScene.swift in Sources */ = {isa = PBXBuildFile; fileRef = A071C9642ABBF70A00CEFF7F /* ImageStagingScene.swift */; };
		A071C9672ABBF71600CEFF7F /* ImageStagingView.swift in Sources */ = {isa = PBXBuildFile; fileRef = A071C9662ABBF71600CEFF7F /* ImageStagingView.swift */; };
		A07D26722ABCD00800A7DAAC /* ApplicationAnalytics.swift in Sources */ = {isa = PBXBuildFile; fileRef = A07D26712ABCD00800A7DAAC /* ApplicationAnalytics.swift */; };
		A07D26742ABCD28200A7DAAC /* GalleryAnalytics.swift in Sources */ = {isa = PBXBuildFile; fileRef = A07D26732ABCD28200A7DAAC /* GalleryAnalytics.swift */; };
		A07D267C2ABCDDF400A7DAAC /* GalleryTests.swift in Sources */ = {isa = PBXBuildFile; fileRef = A07D267B2ABCDDF400A7DAAC /* GalleryTests.swift */; };
		A0E6C6F32ABC021800E0919B /* ViewExtensions.swift in Sources */ = {isa = PBXBuildFile; fileRef = A0E6C6F22ABC021800E0919B /* ViewExtensions.swift */; };
		A0E6C6F62ABD119A00E0919B /* AccumulatingAnalyticsClient.swift in Sources */ = {isa = PBXBuildFile; fileRef = A0E6C6F52ABD119A00E0919B /* AccumulatingAnalyticsClient.swift */; };
/* End PBXBuildFile section */

/* Begin PBXContainerItemProxy section */
		A07D267D2ABCDDF400A7DAAC /* PBXContainerItemProxy */ = {
			isa = PBXContainerItemProxy;
			containerPortal = A071C9302ABBC37300CEFF7F /* Project object */;
			proxyType = 1;
			remoteGlobalIDString = A071C9372ABBC37400CEFF7F;
			remoteInfo = CuteLittleSample;
		};
/* End PBXContainerItemProxy section */

/* Begin PBXFileReference section */
		A067973A2ABE374400EC64B6 /* ImageStagingTests.swift */ = {isa = PBXFileReference; lastKnownFileType = sourcecode.swift; path = ImageStagingTests.swift; sourceTree = "<group>"; };
		A067973C2ABE3AC000EC64B6 /* ImageStagingAnalytics.swift */ = {isa = PBXFileReference; lastKnownFileType = sourcecode.swift; path = ImageStagingAnalytics.swift; sourceTree = "<group>"; };
		A067973E2ABE4BDD00EC64B6 /* AssetUploadSimulator.swift */ = {isa = PBXFileReference; lastKnownFileType = sourcecode.swift; path = AssetUploadSimulator.swift; sourceTree = "<group>"; };
		A06797402ABE6B1800EC64B6 /* ImageGeneration.swift */ = {isa = PBXFileReference; lastKnownFileType = sourcecode.swift; path = ImageGeneration.swift; sourceTree = "<group>"; };
		A071C9382ABBC37400CEFF7F /* CuteLittleSample.app */ = {isa = PBXFileReference; explicitFileType = wrapper.application; includeInIndex = 0; path = CuteLittleSample.app; sourceTree = BUILT_PRODUCTS_DIR; };
		A071C93B2ABBC37400CEFF7F /* CuteLittleSampleApp.swift */ = {isa = PBXFileReference; lastKnownFileType = sourcecode.swift; path = CuteLittleSampleApp.swift; sourceTree = "<group>"; };
		A071C93D2ABBC37400CEFF7F /* ContentView.swift */ = {isa = PBXFileReference; lastKnownFileType = sourcecode.swift; path = ContentView.swift; sourceTree = "<group>"; };
		A071C93F2ABBC37600CEFF7F /* Assets.xcassets */ = {isa = PBXFileReference; lastKnownFileType = folder.assetcatalog; path = Assets.xcassets; sourceTree = "<group>"; };
		A071C9412ABBC37600CEFF7F /* CuteLittleSample.entitlements */ = {isa = PBXFileReference; lastKnownFileType = text.plist.entitlements; path = CuteLittleSample.entitlements; sourceTree = "<group>"; };
		A071C9432ABBC37600CEFF7F /* Preview Assets.xcassets */ = {isa = PBXFileReference; lastKnownFileType = folder.assetcatalog; path = "Preview Assets.xcassets"; sourceTree = "<group>"; };
		A071C94A2ABBC58400CEFF7F /* Library */ = {isa = PBXFileReference; lastKnownFileType = wrapper; name = Library; path = ../Library; sourceTree = "<group>"; };
		A071C94B2ABBD58100CEFF7F /* Path.swift */ = {isa = PBXFileReference; lastKnownFileType = sourcecode.swift; path = Path.swift; sourceTree = "<group>"; };
		A071C9552ABBD6EB00CEFF7F /* GalleryScene.swift */ = {isa = PBXFileReference; lastKnownFileType = sourcecode.swift; path = GalleryScene.swift; sourceTree = "<group>"; };
		A071C9572ABBD6F400CEFF7F /* GalleryView.swift */ = {isa = PBXFileReference; lastKnownFileType = sourcecode.swift; path = GalleryView.swift; sourceTree = "<group>"; };
		A071C95C2ABBE25300CEFF7F /* Application.swift */ = {isa = PBXFileReference; lastKnownFileType = sourcecode.swift; path = Application.swift; sourceTree = "<group>"; };
		A071C9612ABBF30900CEFF7F /* AssetDetailView.swift */ = {isa = PBXFileReference; lastKnownFileType = sourcecode.swift; path = AssetDetailView.swift; sourceTree = "<group>"; };
		A071C9642ABBF70A00CEFF7F /* ImageStagingScene.swift */ = {isa = PBXFileReference; lastKnownFileType = sourcecode.swift; path = ImageStagingScene.swift; sourceTree = "<group>"; };
		A071C9662ABBF71600CEFF7F /* ImageStagingView.swift */ = {isa = PBXFileReference; lastKnownFileType = sourcecode.swift; path = ImageStagingView.swift; sourceTree = "<group>"; };
		A07D26712ABCD00800A7DAAC /* ApplicationAnalytics.swift */ = {isa = PBXFileReference; lastKnownFileType = sourcecode.swift; path = ApplicationAnalytics.swift; sourceTree = "<group>"; };
		A07D26732ABCD28200A7DAAC /* GalleryAnalytics.swift */ = {isa = PBXFileReference; lastKnownFileType = sourcecode.swift; path = GalleryAnalytics.swift; sourceTree = "<group>"; };
		A07D26792ABCDDF400A7DAAC /* CuteLittleSampleTests.xctest */ = {isa = PBXFileReference; explicitFileType = wrapper.cfbundle; includeInIndex = 0; path = CuteLittleSampleTests.xctest; sourceTree = BUILT_PRODUCTS_DIR; };
		A07D267B2ABCDDF400A7DAAC /* GalleryTests.swift */ = {isa = PBXFileReference; lastKnownFileType = sourcecode.swift; path = GalleryTests.swift; sourceTree = "<group>"; };
		A0E6C6F22ABC021800E0919B /* ViewExtensions.swift */ = {isa = PBXFileReference; lastKnownFileType = sourcecode.swift; path = ViewExtensions.swift; sourceTree = "<group>"; };
		A0E6C6F52ABD119A00E0919B /* AccumulatingAnalyticsClient.swift */ = {isa = PBXFileReference; lastKnownFileType = sourcecode.swift; path = AccumulatingAnalyticsClient.swift; sourceTree = "<group>"; };
/* End PBXFileReference section */

/* Begin PBXFrameworksBuildPhase section */
		A071C9352ABBC37400CEFF7F /* Frameworks */ = {
			isa = PBXFrameworksBuildPhase;
			buildActionMask = 2147483647;
			files = (
				A071C95B2ABBE1F100CEFF7F /* Library in Frameworks */,
			);
			runOnlyForDeploymentPostprocessing = 0;
		};
		A07D26762ABCDDF300A7DAAC /* Frameworks */ = {
			isa = PBXFrameworksBuildPhase;
			buildActionMask = 2147483647;
			files = (
			);
			runOnlyForDeploymentPostprocessing = 0;
		};
/* End PBXFrameworksBuildPhase section */

/* Begin PBXGroup section */
		A071C92F2ABBC37300CEFF7F = {
			isa = PBXGroup;
			children = (
				A071C94A2ABBC58400CEFF7F /* Library */,
				A071C93A2ABBC37400CEFF7F /* CuteLittleSample */,
				A07D267A2ABCDDF400A7DAAC /* CuteLittleSampleTests */,
				A071C9392ABBC37400CEFF7F /* Products */,
				A071C9592ABBE1F100CEFF7F /* Frameworks */,
			);
			sourceTree = "<group>";
		};
		A071C9392ABBC37400CEFF7F /* Products */ = {
			isa = PBXGroup;
			children = (
				A071C9382ABBC37400CEFF7F /* CuteLittleSample.app */,
				A07D26792ABCDDF400A7DAAC /* CuteLittleSampleTests.xctest */,
			);
			name = Products;
			sourceTree = "<group>";
		};
		A071C93A2ABBC37400CEFF7F /* CuteLittleSample */ = {
			isa = PBXGroup;
			children = (
				A071C95C2ABBE25300CEFF7F /* Application.swift */,
				A07D26712ABCD00800A7DAAC /* ApplicationAnalytics.swift */,
				A071C93B2ABBC37400CEFF7F /* CuteLittleSampleApp.swift */,
				A071C93D2ABBC37400CEFF7F /* ContentView.swift */,
				A071C94B2ABBD58100CEFF7F /* Path.swift */,
				A071C94D2ABBD5D300CEFF7F /* Scenes */,
				A071C93F2ABBC37600CEFF7F /* Assets.xcassets */,
				A071C9412ABBC37600CEFF7F /* CuteLittleSample.entitlements */,
				A071C9422ABBC37600CEFF7F /* Preview Content */,
				A0E6C6F22ABC021800E0919B /* ViewExtensions.swift */,
			);
			path = CuteLittleSample;
			sourceTree = "<group>";
		};
		A071C9422ABBC37600CEFF7F /* Preview Content */ = {
			isa = PBXGroup;
			children = (
				A071C9432ABBC37600CEFF7F /* Preview Assets.xcassets */,
			);
			path = "Preview Content";
			sourceTree = "<group>";
		};
		A071C94D2ABBD5D300CEFF7F /* Scenes */ = {
			isa = PBXGroup;
			children = (
				A071C9632ABBF6D500CEFF7F /* ImageStaging */,
				A071C95E2ABBF2E700CEFF7F /* AssetDetail */,
				A071C9542ABBD6DD00CEFF7F /* Gallery */,
			);
			path = Scenes;
			sourceTree = "<group>";
		};
		A071C9542ABBD6DD00CEFF7F /* Gallery */ = {
			isa = PBXGroup;
			children = (
				A071C9552ABBD6EB00CEFF7F /* GalleryScene.swift */,
				A07D26732ABCD28200A7DAAC /* GalleryAnalytics.swift */,
				A071C9572ABBD6F400CEFF7F /* GalleryView.swift */,
			);
			path = Gallery;
			sourceTree = "<group>";
		};
		A071C9592ABBE1F100CEFF7F /* Frameworks */ = {
			isa = PBXGroup;
			children = (
			);
			name = Frameworks;
			sourceTree = "<group>";
		};
		A071C95E2ABBF2E700CEFF7F /* AssetDetail */ = {
			isa = PBXGroup;
			children = (
				A071C9612ABBF30900CEFF7F /* AssetDetailView.swift */,
			);
			path = AssetDetail;
			sourceTree = "<group>";
		};
		A071C9632ABBF6D500CEFF7F /* ImageStaging */ = {
			isa = PBXGroup;
			children = (
				A071C9642ABBF70A00CEFF7F /* ImageStagingScene.swift */,
				A067973C2ABE3AC000EC64B6 /* ImageStagingAnalytics.swift */,
				A071C9662ABBF71600CEFF7F /* ImageStagingView.swift */,
			);
			path = ImageStaging;
			sourceTree = "<group>";
		};
		A07D267A2ABCDDF400A7DAAC /* CuteLittleSampleTests */ = {
			isa = PBXGroup;
			children = (
				A0E6C6F42ABD116600E0919B /* Helper */,
				A07D267B2ABCDDF400A7DAAC /* GalleryTests.swift */,
				A067973A2ABE374400EC64B6 /* ImageStagingTests.swift */,
			);
			path = CuteLittleSampleTests;
			sourceTree = "<group>";
		};
		A0E6C6F42ABD116600E0919B /* Helper */ = {
			isa = PBXGroup;
			children = (
				A0E6C6F52ABD119A00E0919B /* AccumulatingAnalyticsClient.swift */,
				A067973E2ABE4BDD00EC64B6 /* AssetUploadSimulator.swift */,
				A06797402ABE6B1800EC64B6 /* ImageGeneration.swift */,
			);
			path = Helper;
			sourceTree = "<group>";
		};
/* End PBXGroup section */

/* Begin PBXNativeTarget section */
		A071C9372ABBC37400CEFF7F /* CuteLittleSample */ = {
			isa = PBXNativeTarget;
			buildConfigurationList = A071C9472ABBC37600CEFF7F /* Build configuration list for PBXNativeTarget "CuteLittleSample" */;
			buildPhases = (
				A071C9342ABBC37400CEFF7F /* Sources */,
				A071C9352ABBC37400CEFF7F /* Frameworks */,
				A071C9362ABBC37400CEFF7F /* Resources */,
			);
			buildRules = (
			);
			dependencies = (
			);
			name = CuteLittleSample;
			packageProductDependencies = (
				A071C95A2ABBE1F100CEFF7F /* Library */,
			);
			productName = CuteLittleSample;
			productReference = A071C9382ABBC37400CEFF7F /* CuteLittleSample.app */;
			productType = "com.apple.product-type.application";
		};
		A07D26782ABCDDF300A7DAAC /* CuteLittleSampleTests */ = {
			isa = PBXNativeTarget;
			buildConfigurationList = A07D267F2ABCDDF400A7DAAC /* Build configuration list for PBXNativeTarget "CuteLittleSampleTests" */;
			buildPhases = (
				A07D26752ABCDDF300A7DAAC /* Sources */,
				A07D26762ABCDDF300A7DAAC /* Frameworks */,
				A07D26772ABCDDF300A7DAAC /* Resources */,
			);
			buildRules = (
			);
			dependencies = (
				A07D267E2ABCDDF400A7DAAC /* PBXTargetDependency */,
			);
			name = CuteLittleSampleTests;
			productName = CuteLittleSampleTests;
			productReference = A07D26792ABCDDF400A7DAAC /* CuteLittleSampleTests.xctest */;
			productType = "com.apple.product-type.bundle.unit-test";
		};
/* End PBXNativeTarget section */

/* Begin PBXProject section */
		A071C9302ABBC37300CEFF7F /* Project object */ = {
			isa = PBXProject;
			attributes = {
				BuildIndependentTargetsInParallel = 1;
				LastSwiftUpdateCheck = 1500;
				LastUpgradeCheck = 1500;
				TargetAttributes = {
					A071C9372ABBC37400CEFF7F = {
						CreatedOnToolsVersion = 15.0;
					};
					A07D26782ABCDDF300A7DAAC = {
						CreatedOnToolsVersion = 15.0;
						TestTargetID = A071C9372ABBC37400CEFF7F;
					};
				};
			};
			buildConfigurationList = A071C9332ABBC37400CEFF7F /* Build configuration list for PBXProject "CuteLittleSample" */;
			compatibilityVersion = "Xcode 14.0";
			developmentRegion = en;
			hasScannedForEncodings = 0;
			knownRegions = (
				en,
				Base,
			);
			mainGroup = A071C92F2ABBC37300CEFF7F;
			productRefGroup = A071C9392ABBC37400CEFF7F /* Products */;
			projectDirPath = "";
			projectRoot = "";
			targets = (
				A071C9372ABBC37400CEFF7F /* CuteLittleSample */,
				A07D26782ABCDDF300A7DAAC /* CuteLittleSampleTests */,
			);
		};
/* End PBXProject section */

/* Begin PBXResourcesBuildPhase section */
		A071C9362ABBC37400CEFF7F /* Resources */ = {
			isa = PBXResourcesBuildPhase;
			buildActionMask = 2147483647;
			files = (
				A071C9442ABBC37600CEFF7F /* Preview Assets.xcassets in Resources */,
				A071C9402ABBC37600CEFF7F /* Assets.xcassets in Resources */,
			);
			runOnlyForDeploymentPostprocessing = 0;
		};
		A07D26772ABCDDF300A7DAAC /* Resources */ = {
			isa = PBXResourcesBuildPhase;
			buildActionMask = 2147483647;
			files = (
			);
			runOnlyForDeploymentPostprocessing = 0;
		};
/* End PBXResourcesBuildPhase section */

/* Begin PBXSourcesBuildPhase section */
		A071C9342ABBC37400CEFF7F /* Sources */ = {
			isa = PBXSourcesBuildPhase;
			buildActionMask = 2147483647;
			files = (
				A0E6C6F32ABC021800E0919B /* ViewExtensions.swift in Sources */,
				A067973D2ABE3AC000EC64B6 /* ImageStagingAnalytics.swift in Sources */,
				A07D26722ABCD00800A7DAAC /* ApplicationAnalytics.swift in Sources */,
				A071C95D2ABBE25300CEFF7F /* Application.swift in Sources */,
				A071C9652ABBF70A00CEFF7F /* ImageStagingScene.swift in Sources */,
				A071C9582ABBD6F400CEFF7F /* GalleryView.swift in Sources */,
				A071C93E2ABBC37400CEFF7F /* ContentView.swift in Sources */,
				A071C94C2ABBD58100CEFF7F /* Path.swift in Sources */,
				A071C93C2ABBC37400CEFF7F /* CuteLittleSampleApp.swift in Sources */,
				A071C9622ABBF30900CEFF7F /* AssetDetailView.swift in Sources */,
				A07D26742ABCD28200A7DAAC /* GalleryAnalytics.swift in Sources */,
				A071C9672ABBF71600CEFF7F /* ImageStagingView.swift in Sources */,
				A071C9562ABBD6EB00CEFF7F /* GalleryScene.swift in Sources */,
			);
			runOnlyForDeploymentPostprocessing = 0;
		};
		A07D26752ABCDDF300A7DAAC /* Sources */ = {
			isa = PBXSourcesBuildPhase;
			buildActionMask = 2147483647;
			files = (
				A06797412ABE6B1800EC64B6 /* ImageGeneration.swift in Sources */,
				A0E6C6F62ABD119A00E0919B /* AccumulatingAnalyticsClient.swift in Sources */,
				A067973B2ABE374400EC64B6 /* ImageStagingTests.swift in Sources */,
				A067973F2ABE4BDD00EC64B6 /* AssetUploadSimulator.swift in Sources */,
				A07D267C2ABCDDF400A7DAAC /* GalleryTests.swift in Sources */,
			);
			runOnlyForDeploymentPostprocessing = 0;
		};
/* End PBXSourcesBuildPhase section */

/* Begin PBXTargetDependency section */
		A07D267E2ABCDDF400A7DAAC /* PBXTargetDependency */ = {
			isa = PBXTargetDependency;
			target = A071C9372ABBC37400CEFF7F /* CuteLittleSample */;
			targetProxy = A07D267D2ABCDDF400A7DAAC /* PBXContainerItemProxy */;
		};
/* End PBXTargetDependency section */

/* Begin XCBuildConfiguration section */
		A071C9452ABBC37600CEFF7F /* Debug */ = {
			isa = XCBuildConfiguration;
			buildSettings = {
				ALWAYS_SEARCH_USER_PATHS = NO;
				ASSETCATALOG_COMPILER_GENERATE_SWIFT_ASSET_SYMBOL_EXTENSIONS = YES;
				CLANG_ANALYZER_NONNULL = YES;
				CLANG_ANALYZER_NUMBER_OBJECT_CONVERSION = YES_AGGRESSIVE;
				CLANG_CXX_LANGUAGE_STANDARD = "gnu++20";
				CLANG_ENABLE_MODULES = YES;
				CLANG_ENABLE_OBJC_ARC = YES;
				CLANG_ENABLE_OBJC_WEAK = YES;
				CLANG_WARN_BLOCK_CAPTURE_AUTORELEASING = YES;
				CLANG_WARN_BOOL_CONVERSION = YES;
				CLANG_WARN_COMMA = YES;
				CLANG_WARN_CONSTANT_CONVERSION = YES;
				CLANG_WARN_DEPRECATED_OBJC_IMPLEMENTATIONS = YES;
				CLANG_WARN_DIRECT_OBJC_ISA_USAGE = YES_ERROR;
				CLANG_WARN_DOCUMENTATION_COMMENTS = YES;
				CLANG_WARN_EMPTY_BODY = YES;
				CLANG_WARN_ENUM_CONVERSION = YES;
				CLANG_WARN_INFINITE_RECURSION = YES;
				CLANG_WARN_INT_CONVERSION = YES;
				CLANG_WARN_NON_LITERAL_NULL_CONVERSION = YES;
				CLANG_WARN_OBJC_IMPLICIT_RETAIN_SELF = YES;
				CLANG_WARN_OBJC_LITERAL_CONVERSION = YES;
				CLANG_WARN_OBJC_ROOT_CLASS = YES_ERROR;
				CLANG_WARN_QUOTED_INCLUDE_IN_FRAMEWORK_HEADER = YES;
				CLANG_WARN_RANGE_LOOP_ANALYSIS = YES;
				CLANG_WARN_STRICT_PROTOTYPES = YES;
				CLANG_WARN_SUSPICIOUS_MOVE = YES;
				CLANG_WARN_UNGUARDED_AVAILABILITY = YES_AGGRESSIVE;
				CLANG_WARN_UNREACHABLE_CODE = YES;
				CLANG_WARN__DUPLICATE_METHOD_MATCH = YES;
				COPY_PHASE_STRIP = NO;
				DEBUG_INFORMATION_FORMAT = dwarf;
				ENABLE_STRICT_OBJC_MSGSEND = YES;
				ENABLE_TESTABILITY = YES;
				ENABLE_USER_SCRIPT_SANDBOXING = YES;
				GCC_C_LANGUAGE_STANDARD = gnu17;
				GCC_DYNAMIC_NO_PIC = NO;
				GCC_NO_COMMON_BLOCKS = YES;
				GCC_OPTIMIZATION_LEVEL = 0;
				GCC_PREPROCESSOR_DEFINITIONS = (
					"DEBUG=1",
					"$(inherited)",
				);
				GCC_WARN_64_TO_32_BIT_CONVERSION = YES;
				GCC_WARN_ABOUT_RETURN_TYPE = YES_ERROR;
				GCC_WARN_UNDECLARED_SELECTOR = YES;
				GCC_WARN_UNINITIALIZED_AUTOS = YES_AGGRESSIVE;
				GCC_WARN_UNUSED_FUNCTION = YES;
				GCC_WARN_UNUSED_VARIABLE = YES;
				LOCALIZATION_PREFERS_STRING_CATALOGS = YES;
				MTL_ENABLE_DEBUG_INFO = INCLUDE_SOURCE;
				MTL_FAST_MATH = YES;
				ONLY_ACTIVE_ARCH = YES;
				SWIFT_ACTIVE_COMPILATION_CONDITIONS = "DEBUG $(inherited)";
				SWIFT_OPTIMIZATION_LEVEL = "-Onone";
			};
			name = Debug;
		};
		A071C9462ABBC37600CEFF7F /* Release */ = {
			isa = XCBuildConfiguration;
			buildSettings = {
				ALWAYS_SEARCH_USER_PATHS = NO;
				ASSETCATALOG_COMPILER_GENERATE_SWIFT_ASSET_SYMBOL_EXTENSIONS = YES;
				CLANG_ANALYZER_NONNULL = YES;
				CLANG_ANALYZER_NUMBER_OBJECT_CONVERSION = YES_AGGRESSIVE;
				CLANG_CXX_LANGUAGE_STANDARD = "gnu++20";
				CLANG_ENABLE_MODULES = YES;
				CLANG_ENABLE_OBJC_ARC = YES;
				CLANG_ENABLE_OBJC_WEAK = YES;
				CLANG_WARN_BLOCK_CAPTURE_AUTORELEASING = YES;
				CLANG_WARN_BOOL_CONVERSION = YES;
				CLANG_WARN_COMMA = YES;
				CLANG_WARN_CONSTANT_CONVERSION = YES;
				CLANG_WARN_DEPRECATED_OBJC_IMPLEMENTATIONS = YES;
				CLANG_WARN_DIRECT_OBJC_ISA_USAGE = YES_ERROR;
				CLANG_WARN_DOCUMENTATION_COMMENTS = YES;
				CLANG_WARN_EMPTY_BODY = YES;
				CLANG_WARN_ENUM_CONVERSION = YES;
				CLANG_WARN_INFINITE_RECURSION = YES;
				CLANG_WARN_INT_CONVERSION = YES;
				CLANG_WARN_NON_LITERAL_NULL_CONVERSION = YES;
				CLANG_WARN_OBJC_IMPLICIT_RETAIN_SELF = YES;
				CLANG_WARN_OBJC_LITERAL_CONVERSION = YES;
				CLANG_WARN_OBJC_ROOT_CLASS = YES_ERROR;
				CLANG_WARN_QUOTED_INCLUDE_IN_FRAMEWORK_HEADER = YES;
				CLANG_WARN_RANGE_LOOP_ANALYSIS = YES;
				CLANG_WARN_STRICT_PROTOTYPES = YES;
				CLANG_WARN_SUSPICIOUS_MOVE = YES;
				CLANG_WARN_UNGUARDED_AVAILABILITY = YES_AGGRESSIVE;
				CLANG_WARN_UNREACHABLE_CODE = YES;
				CLANG_WARN__DUPLICATE_METHOD_MATCH = YES;
				COPY_PHASE_STRIP = NO;
				DEBUG_INFORMATION_FORMAT = "dwarf-with-dsym";
				ENABLE_NS_ASSERTIONS = NO;
				ENABLE_STRICT_OBJC_MSGSEND = YES;
				ENABLE_USER_SCRIPT_SANDBOXING = YES;
				GCC_C_LANGUAGE_STANDARD = gnu17;
				GCC_NO_COMMON_BLOCKS = YES;
				GCC_WARN_64_TO_32_BIT_CONVERSION = YES;
				GCC_WARN_ABOUT_RETURN_TYPE = YES_ERROR;
				GCC_WARN_UNDECLARED_SELECTOR = YES;
				GCC_WARN_UNINITIALIZED_AUTOS = YES_AGGRESSIVE;
				GCC_WARN_UNUSED_FUNCTION = YES;
				GCC_WARN_UNUSED_VARIABLE = YES;
				LOCALIZATION_PREFERS_STRING_CATALOGS = YES;
				MTL_ENABLE_DEBUG_INFO = NO;
				MTL_FAST_MATH = YES;
				SWIFT_COMPILATION_MODE = wholemodule;
			};
			name = Release;
		};
		A071C9482ABBC37600CEFF7F /* Debug */ = {
			isa = XCBuildConfiguration;
			buildSettings = {
				ASSETCATALOG_COMPILER_APPICON_NAME = AppIcon;
				ASSETCATALOG_COMPILER_GLOBAL_ACCENT_COLOR_NAME = AccentColor;
				CODE_SIGN_ENTITLEMENTS = CuteLittleSample/CuteLittleSample.entitlements;
				CODE_SIGN_STYLE = Automatic;
				CURRENT_PROJECT_VERSION = 1;
				DEVELOPMENT_ASSET_PATHS = "\"CuteLittleSample/Preview Content\"";
				DEVELOPMENT_TEAM = BCYSH9FU9P;
				ENABLE_HARDENED_RUNTIME = YES;
				ENABLE_PREVIEWS = YES;
				GENERATE_INFOPLIST_FILE = YES;
				INFOPLIST_KEY_NSPhotoLibraryUsageDescription = "Uploading Photos";
				"INFOPLIST_KEY_UIApplicationSceneManifest_Generation[sdk=iphoneos*]" = YES;
				"INFOPLIST_KEY_UIApplicationSceneManifest_Generation[sdk=iphonesimulator*]" = YES;
				"INFOPLIST_KEY_UIApplicationSupportsIndirectInputEvents[sdk=iphoneos*]" = YES;
				"INFOPLIST_KEY_UIApplicationSupportsIndirectInputEvents[sdk=iphonesimulator*]" = YES;
				"INFOPLIST_KEY_UILaunchScreen_Generation[sdk=iphoneos*]" = YES;
				"INFOPLIST_KEY_UILaunchScreen_Generation[sdk=iphonesimulator*]" = YES;
				"INFOPLIST_KEY_UIStatusBarStyle[sdk=iphoneos*]" = UIStatusBarStyleDefault;
				"INFOPLIST_KEY_UIStatusBarStyle[sdk=iphonesimulator*]" = UIStatusBarStyleDefault;
				INFOPLIST_KEY_UISupportedInterfaceOrientations_iPad = "UIInterfaceOrientationPortrait UIInterfaceOrientationPortraitUpsideDown UIInterfaceOrientationLandscapeLeft UIInterfaceOrientationLandscapeRight";
				INFOPLIST_KEY_UISupportedInterfaceOrientations_iPhone = "UIInterfaceOrientationPortrait UIInterfaceOrientationLandscapeLeft UIInterfaceOrientationLandscapeRight";
				IPHONEOS_DEPLOYMENT_TARGET = 17.0;
				LD_RUNPATH_SEARCH_PATHS = "@executable_path/Frameworks";
				"LD_RUNPATH_SEARCH_PATHS[sdk=macosx*]" = "@executable_path/../Frameworks";
				MACOSX_DEPLOYMENT_TARGET = 14.0;
				MARKETING_VERSION = 1.0;
				PRODUCT_BUNDLE_IDENTIFIER = com.jjm.CuteLittleSample;
				PRODUCT_NAME = "$(TARGET_NAME)";
				SDKROOT = auto;
				SUPPORTED_PLATFORMS = "iphoneos iphonesimulator macosx";
				SWIFT_EMIT_LOC_STRINGS = YES;
				SWIFT_VERSION = 5.0;
				TARGETED_DEVICE_FAMILY = "1,2";
			};
			name = Debug;
		};
		A071C9492ABBC37600CEFF7F /* Release */ = {
			isa = XCBuildConfiguration;
			buildSettings = {
				ASSETCATALOG_COMPILER_APPICON_NAME = AppIcon;
				ASSETCATALOG_COMPILER_GLOBAL_ACCENT_COLOR_NAME = AccentColor;
				CODE_SIGN_ENTITLEMENTS = CuteLittleSample/CuteLittleSample.entitlements;
				CODE_SIGN_STYLE = Automatic;
				CURRENT_PROJECT_VERSION = 1;
				DEVELOPMENT_ASSET_PATHS = "\"CuteLittleSample/Preview Content\"";
				DEVELOPMENT_TEAM = BCYSH9FU9P;
				ENABLE_HARDENED_RUNTIME = YES;
				ENABLE_PREVIEWS = YES;
				GENERATE_INFOPLIST_FILE = YES;
				INFOPLIST_KEY_NSPhotoLibraryUsageDescription = "Uploading Photos";
				"INFOPLIST_KEY_UIApplicationSceneManifest_Generation[sdk=iphoneos*]" = YES;
				"INFOPLIST_KEY_UIApplicationSceneManifest_Generation[sdk=iphonesimulator*]" = YES;
				"INFOPLIST_KEY_UIApplicationSupportsIndirectInputEvents[sdk=iphoneos*]" = YES;
				"INFOPLIST_KEY_UIApplicationSupportsIndirectInputEvents[sdk=iphonesimulator*]" = YES;
				"INFOPLIST_KEY_UILaunchScreen_Generation[sdk=iphoneos*]" = YES;
				"INFOPLIST_KEY_UILaunchScreen_Generation[sdk=iphonesimulator*]" = YES;
				"INFOPLIST_KEY_UIStatusBarStyle[sdk=iphoneos*]" = UIStatusBarStyleDefault;
				"INFOPLIST_KEY_UIStatusBarStyle[sdk=iphonesimulator*]" = UIStatusBarStyleDefault;
				INFOPLIST_KEY_UISupportedInterfaceOrientations_iPad = "UIInterfaceOrientationPortrait UIInterfaceOrientationPortraitUpsideDown UIInterfaceOrientationLandscapeLeft UIInterfaceOrientationLandscapeRight";
				INFOPLIST_KEY_UISupportedInterfaceOrientations_iPhone = "UIInterfaceOrientationPortrait UIInterfaceOrientationLandscapeLeft UIInterfaceOrientationLandscapeRight";
				IPHONEOS_DEPLOYMENT_TARGET = 17.0;
				LD_RUNPATH_SEARCH_PATHS = "@executable_path/Frameworks";
				"LD_RUNPATH_SEARCH_PATHS[sdk=macosx*]" = "@executable_path/../Frameworks";
				MACOSX_DEPLOYMENT_TARGET = 14.0;
				MARKETING_VERSION = 1.0;
				PRODUCT_BUNDLE_IDENTIFIER = com.jjm.CuteLittleSample;
				PRODUCT_NAME = "$(TARGET_NAME)";
				SDKROOT = auto;
				SUPPORTED_PLATFORMS = "iphoneos iphonesimulator macosx";
				SWIFT_EMIT_LOC_STRINGS = YES;
				SWIFT_VERSION = 5.0;
				TARGETED_DEVICE_FAMILY = "1,2";
			};
			name = Release;
		};
		A07D26802ABCDDF400A7DAAC /* Debug */ = {
			isa = XCBuildConfiguration;
			buildSettings = {
				BUNDLE_LOADER = "$(TEST_HOST)";
				CODE_SIGN_STYLE = Automatic;
				CURRENT_PROJECT_VERSION = 1;
				DEVELOPMENT_TEAM = BCYSH9FU9P;
				GENERATE_INFOPLIST_FILE = YES;
				IPHONEOS_DEPLOYMENT_TARGET = 17.0;
				MACOSX_DEPLOYMENT_TARGET = 14.0;
				MARKETING_VERSION = 1.0;
				PRODUCT_BUNDLE_IDENTIFIER = com.gf.CuteLittleSampleTests;
				PRODUCT_NAME = "$(TARGET_NAME)";
				SDKROOT = auto;
				SUPPORTED_PLATFORMS = "iphoneos iphonesimulator macosx";
				SWIFT_EMIT_LOC_STRINGS = NO;
				SWIFT_VERSION = 5.0;
				TARGETED_DEVICE_FAMILY = "1,2";
				TEST_HOST = "$(BUILT_PRODUCTS_DIR)/CuteLittleSample.app/$(BUNDLE_EXECUTABLE_FOLDER_PATH)/CuteLittleSample";
			};
			name = Debug;
		};
		A07D26812ABCDDF400A7DAAC /* Release */ = {
			isa = XCBuildConfiguration;
			buildSettings = {
				BUNDLE_LOADER = "$(TEST_HOST)";
				CODE_SIGN_STYLE = Automatic;
				CURRENT_PROJECT_VERSION = 1;
				DEVELOPMENT_TEAM = BCYSH9FU9P;
				GENERATE_INFOPLIST_FILE = YES;
				IPHONEOS_DEPLOYMENT_TARGET = 17.0;
				MACOSX_DEPLOYMENT_TARGET = 14.0;
				MARKETING_VERSION = 1.0;
				PRODUCT_BUNDLE_IDENTIFIER = com.gf.CuteLittleSampleTests;
				PRODUCT_NAME = "$(TARGET_NAME)";
				SDKROOT = auto;
				SUPPORTED_PLATFORMS = "iphoneos iphonesimulator macosx";
				SWIFT_EMIT_LOC_STRINGS = NO;
				SWIFT_VERSION = 5.0;
				TARGETED_DEVICE_FAMILY = "1,2";
				TEST_HOST = "$(BUILT_PRODUCTS_DIR)/CuteLittleSample.app/$(BUNDLE_EXECUTABLE_FOLDER_PATH)/CuteLittleSample";
			};
			name = Release;
		};
/* End XCBuildConfiguration section */

/* Begin XCConfigurationList section */
		A071C9332ABBC37400CEFF7F /* Build configuration list for PBXProject "CuteLittleSample" */ = {
			isa = XCConfigurationList;
			buildConfigurations = (
				A071C9452ABBC37600CEFF7F /* Debug */,
				A071C9462ABBC37600CEFF7F /* Release */,
			);
			defaultConfigurationIsVisible = 0;
			defaultConfigurationName = Release;
		};
		A071C9472ABBC37600CEFF7F /* Build configuration list for PBXNativeTarget "CuteLittleSample" */ = {
			isa = XCConfigurationList;
			buildConfigurations = (
				A071C9482ABBC37600CEFF7F /* Debug */,
				A071C9492ABBC37600CEFF7F /* Release */,
			);
			defaultConfigurationIsVisible = 0;
			defaultConfigurationName = Release;
		};
		A07D267F2ABCDDF400A7DAAC /* Build configuration list for PBXNativeTarget "CuteLittleSampleTests" */ = {
			isa = XCConfigurationList;
			buildConfigurations = (
				A07D26802ABCDDF400A7DAAC /* Debug */,
				A07D26812ABCDDF400A7DAAC /* Release */,
			);
			defaultConfigurationIsVisible = 0;
			defaultConfigurationName = Release;
		};
/* End XCConfigurationList section */

/* Begin XCSwiftPackageProductDependency section */
		A071C95A2ABBE1F100CEFF7F /* Library */ = {
			isa = XCSwiftPackageProductDependency;
			productName = Library;
		};
/* End XCSwiftPackageProductDependency section */
	};
	rootObject = A071C9302ABBC37300CEFF7F /* Project object */;
}
